// !$*UTF8*$!
{
	archiveVersion = 1;
	classes = {
	};
	objectVersion = 77;
	objects = {

/* Begin PBXBuildFile section */
		123C77812D52278F00009502 /* ModelData.swift in Sources */ = {isa = PBXBuildFile; fileRef = 123C77802D52278F00009502 /* ModelData.swift */; };
		123C778A2D52289900009502 /* PreviewImage.swift in Sources */ = {isa = PBXBuildFile; fileRef = 123C77892D52289900009502 /* PreviewImage.swift */; };
		123C77E82D526CFF00009502 /* TabBarView.swift in Sources */ = {isa = PBXBuildFile; fileRef = 123C77E72D526CFF00009502 /* TabBarView.swift */; };
		123C77EE2D526D4300009502 /* SettingView.swift in Sources */ = {isa = PBXBuildFile; fileRef = 123C77ED2D526D4300009502 /* SettingView.swift */; };
		125C53D22D57395E00DA3EC0 /* FromToInView.swift in Sources */ = {isa = PBXBuildFile; fileRef = 125C53D12D57395E00DA3EC0 /* FromToInView.swift */; };
		125C54132D57733000DA3EC0 /* CarrierList.swift in Sources */ = {isa = PBXBuildFile; fileRef = 125C54122D57733000DA3EC0 /* CarrierList.swift */; };
		12606F8D2D3E5F7600A62639 /* OpenAPIRuntime in Frameworks */ = {isa = PBXBuildFile; productRef = 12606F8C2D3E5F7600A62639 /* OpenAPIRuntime */; };
		12606F902D3E5F9700A62639 /* OpenAPIURLSession in Frameworks */ = {isa = PBXBuildFile; productRef = 12606F8F2D3E5F9700A62639 /* OpenAPIURLSession */; };
		12606FA22D3E623800A62639 /* Preview Assets.xcassets in Resources */ = {isa = PBXBuildFile; fileRef = 12606F9B2D3E623800A62639 /* Preview Assets.xcassets */; };
		12606FA32D3E623800A62639 /* Assets.xcassets in Resources */ = {isa = PBXBuildFile; fileRef = 12606F9D2D3E623800A62639 /* Assets.xcassets */; };
		12606FA42D3E623800A62639 /* openapi.yaml in Resources */ = {isa = PBXBuildFile; fileRef = 12606F9F2D3E623800A62639 /* openapi.yaml */; };
		12606FA52D3E623800A62639 /* ContentView.swift in Sources */ = {isa = PBXBuildFile; fileRef = 12606F9E2D3E623800A62639 /* ContentView.swift */; };
		12606FA62D3E623800A62639 /* TravelScheduleApp.swift in Sources */ = {isa = PBXBuildFile; fileRef = 12606FA02D3E623800A62639 /* TravelScheduleApp.swift */; };
		12606FA82D3E630700A62639 /* openapi-generator-config.yaml in Resources */ = {isa = PBXBuildFile; fileRef = 12606FA72D3E630300A62639 /* openapi-generator-config.yaml */; };
		12681ECE2D560EB300A1E687 /* Carrier.swift in Sources */ = {isa = PBXBuildFile; fileRef = 12681ECD2D560EB300A1E687 /* Carrier.swift */; };
		12681ED42D56106B00A1E687 /* CarrierCellView.swift in Sources */ = {isa = PBXBuildFile; fileRef = 12681ED32D56106B00A1E687 /* CarrierCellView.swift */; };
		12681F0B2D56266B00A1E687 /* DateFormat.swift in Sources */ = {isa = PBXBuildFile; fileRef = 12681F092D56266000A1E687 /* DateFormat.swift */; };
		12681F782D567A3800A1E687 /* CarrierInfo.swift in Sources */ = {isa = PBXBuildFile; fileRef = 12681F772D567A3800A1E687 /* CarrierInfo.swift */; };
		12681F7D2D567AA400A1E687 /* CarrierInfoView.swift in Sources */ = {isa = PBXBuildFile; fileRef = 12681F7C2D567AA400A1E687 /* CarrierInfoView.swift */; };
		126855202D51467C00277F4D /* TravelScheduleView.swift in Sources */ = {isa = PBXBuildFile; fileRef = 1268551F2D51467C00277F4D /* TravelScheduleView.swift */; };
		126855262D51481F00277F4D /* TravelScheduleViewModel.swift in Sources */ = {isa = PBXBuildFile; fileRef = 126855252D51481F00277F4D /* TravelScheduleViewModel.swift */; };
		1268553A2D514C0500277F4D /* PreviewCellView.swift in Sources */ = {isa = PBXBuildFile; fileRef = 126855392D514C0500277F4D /* PreviewCellView.swift */; };
		12849BE82D54B3E900C56A84 /* Station.swift in Sources */ = {isa = PBXBuildFile; fileRef = 12849BE72D54B3E900C56A84 /* Station.swift */; };
		12849BF82D54C31700C56A84 /* UserAgreementView.swift in Sources */ = {isa = PBXBuildFile; fileRef = 12849BF72D54C31700C56A84 /* UserAgreementView.swift */; };
		12849C032D54C4EA00C56A84 /* WebView.swift in Sources */ = {isa = PBXBuildFile; fileRef = 12849C022D54C4EA00C56A84 /* WebView.swift */; };
		12849C152D54CA0800C56A84 /* YPUserAgreement.swift in Sources */ = {isa = PBXBuildFile; fileRef = 12849C132D54C9EE00C56A84 /* YPUserAgreement.swift */; };
		12849C802D55401800C56A84 /* StationsListView.swift in Sources */ = {isa = PBXBuildFile; fileRef = 12849C7F2D55401800C56A84 /* StationsListView.swift */; };
		1287FAF82D58AA3D00A71F2D /* FilterView.swift in Sources */ = {isa = PBXBuildFile; fileRef = 1287FAF72D58AA3D00A71F2D /* FilterView.swift */; };
		1287FB3E2D5940FE00A71F2D /* ServerError.swift in Sources */ = {isa = PBXBuildFile; fileRef = 1287FB3D2D5940FE00A71F2D /* ServerError.swift */; };
		1287FB462D59422200A71F2D /* NoInternet.swift in Sources */ = {isa = PBXBuildFile; fileRef = 1287FB452D59422200A71F2D /* NoInternet.swift */; };
		128A862B2D535AAE0061F82A /* Citys.swift in Sources */ = {isa = PBXBuildFile; fileRef = 128A862A2D535AAE0061F82A /* Citys.swift */; };
		128A863F2D535FDD0061F82A /* CitysListView.swift in Sources */ = {isa = PBXBuildFile; fileRef = 128A863E2D535FDD0061F82A /* CitysListView.swift */; };
		128A867B2D5386D90061F82A /* SearchBar.swift in Sources */ = {isa = PBXBuildFile; fileRef = 128A867A2D5386D90061F82A /* SearchBar.swift */; };
		128A868A2D53905E0061F82A /* SplashScreenView.swift in Sources */ = {isa = PBXBuildFile; fileRef = 128A86892D53905E0061F82A /* SplashScreenView.swift */; };
		128B57342D5A680400D5DED4 /* NavigationModel.swift in Sources */ = {isa = PBXBuildFile; fileRef = 128B57332D5A680400D5DED4 /* NavigationModel.swift */; };
		12C36D322D4788D900380192 /* APIKey.swift in Sources */ = {isa = PBXBuildFile; fileRef = 12C36D312D4788D900380192 /* APIKey.swift */; };
		12C36D342D478BFD00380192 /* TravelScheduleNetworkService.swift in Sources */ = {isa = PBXBuildFile; fileRef = 12C36D332D478BFD00380192 /* TravelScheduleNetworkService.swift */; };
		12C36D362D478CA900380192 /* Typealiases.swift in Sources */ = {isa = PBXBuildFile; fileRef = 12C36D352D478CA900380192 /* Typealiases.swift */; };
/* End PBXBuildFile section */

/* Begin PBXFileReference section */
		1223BE362D3CDFAF00E1B171 /* TravelSchedule.app */ = {isa = PBXFileReference; explicitFileType = wrapper.application; includeInIndex = 0; path = TravelSchedule.app; sourceTree = BUILT_PRODUCTS_DIR; };
		123C77802D52278F00009502 /* ModelData.swift */ = {isa = PBXFileReference; lastKnownFileType = sourcecode.swift; path = ModelData.swift; sourceTree = "<group>"; };
		123C77892D52289900009502 /* PreviewImage.swift */ = {isa = PBXFileReference; lastKnownFileType = sourcecode.swift; path = PreviewImage.swift; sourceTree = "<group>"; };
		123C77E72D526CFF00009502 /* TabBarView.swift */ = {isa = PBXFileReference; lastKnownFileType = sourcecode.swift; path = TabBarView.swift; sourceTree = "<group>"; };
		123C77ED2D526D4300009502 /* SettingView.swift */ = {isa = PBXFileReference; lastKnownFileType = sourcecode.swift; path = SettingView.swift; sourceTree = "<group>"; };
		125C53D12D57395E00DA3EC0 /* FromToInView.swift */ = {isa = PBXFileReference; lastKnownFileType = sourcecode.swift; path = FromToInView.swift; sourceTree = "<group>"; };
		125C54122D57733000DA3EC0 /* CarrierList.swift */ = {isa = PBXFileReference; lastKnownFileType = sourcecode.swift; path = CarrierList.swift; sourceTree = "<group>"; };
		12606F9B2D3E623800A62639 /* Preview Assets.xcassets */ = {isa = PBXFileReference; lastKnownFileType = folder.assetcatalog; path = "Preview Assets.xcassets"; sourceTree = "<group>"; };
		12606F9D2D3E623800A62639 /* Assets.xcassets */ = {isa = PBXFileReference; lastKnownFileType = folder.assetcatalog; path = Assets.xcassets; sourceTree = "<group>"; };
		12606F9E2D3E623800A62639 /* ContentView.swift */ = {isa = PBXFileReference; lastKnownFileType = sourcecode.swift; path = ContentView.swift; sourceTree = "<group>"; };
		12606F9F2D3E623800A62639 /* openapi.yaml */ = {isa = PBXFileReference; lastKnownFileType = text.yaml; path = openapi.yaml; sourceTree = "<group>"; };
		12606FA02D3E623800A62639 /* TravelScheduleApp.swift */ = {isa = PBXFileReference; lastKnownFileType = sourcecode.swift; path = TravelScheduleApp.swift; sourceTree = "<group>"; };
		12606FA72D3E630300A62639 /* openapi-generator-config.yaml */ = {isa = PBXFileReference; lastKnownFileType = text.yaml; path = "openapi-generator-config.yaml"; sourceTree = "<group>"; };
		12681ECD2D560EB300A1E687 /* Carrier.swift */ = {isa = PBXFileReference; lastKnownFileType = sourcecode.swift; path = Carrier.swift; sourceTree = "<group>"; };
		12681ED32D56106B00A1E687 /* CarrierCellView.swift */ = {isa = PBXFileReference; lastKnownFileType = sourcecode.swift; path = CarrierCellView.swift; sourceTree = "<group>"; };
		12681F092D56266000A1E687 /* DateFormat.swift */ = {isa = PBXFileReference; lastKnownFileType = sourcecode.swift; path = DateFormat.swift; sourceTree = "<group>"; };
		12681F772D567A3800A1E687 /* CarrierInfo.swift */ = {isa = PBXFileReference; lastKnownFileType = sourcecode.swift; path = CarrierInfo.swift; sourceTree = "<group>"; };
		12681F7C2D567AA400A1E687 /* CarrierInfoView.swift */ = {isa = PBXFileReference; lastKnownFileType = sourcecode.swift; path = CarrierInfoView.swift; sourceTree = "<group>"; };
		1268551F2D51467C00277F4D /* TravelScheduleView.swift */ = {isa = PBXFileReference; lastKnownFileType = sourcecode.swift; path = TravelScheduleView.swift; sourceTree = "<group>"; };
		126855252D51481F00277F4D /* TravelScheduleViewModel.swift */ = {isa = PBXFileReference; lastKnownFileType = sourcecode.swift; path = TravelScheduleViewModel.swift; sourceTree = "<group>"; };
		126855392D514C0500277F4D /* PreviewCellView.swift */ = {isa = PBXFileReference; lastKnownFileType = sourcecode.swift; path = PreviewCellView.swift; sourceTree = "<group>"; };
		12849BE72D54B3E900C56A84 /* Station.swift */ = {isa = PBXFileReference; lastKnownFileType = sourcecode.swift; path = Station.swift; sourceTree = "<group>"; };
		12849BF72D54C31700C56A84 /* UserAgreementView.swift */ = {isa = PBXFileReference; lastKnownFileType = sourcecode.swift; path = UserAgreementView.swift; sourceTree = "<group>"; };
		12849C022D54C4EA00C56A84 /* WebView.swift */ = {isa = PBXFileReference; lastKnownFileType = sourcecode.swift; path = WebView.swift; sourceTree = "<group>"; };
		12849C132D54C9EE00C56A84 /* YPUserAgreement.swift */ = {isa = PBXFileReference; lastKnownFileType = sourcecode.swift; path = YPUserAgreement.swift; sourceTree = "<group>"; };
		12849C7F2D55401800C56A84 /* StationsListView.swift */ = {isa = PBXFileReference; lastKnownFileType = sourcecode.swift; path = StationsListView.swift; sourceTree = "<group>"; };
		1287FAF72D58AA3D00A71F2D /* FilterView.swift */ = {isa = PBXFileReference; lastKnownFileType = sourcecode.swift; path = FilterView.swift; sourceTree = "<group>"; };
		1287FB3D2D5940FE00A71F2D /* ServerError.swift */ = {isa = PBXFileReference; lastKnownFileType = sourcecode.swift; path = ServerError.swift; sourceTree = "<group>"; };
		1287FB452D59422200A71F2D /* NoInternet.swift */ = {isa = PBXFileReference; lastKnownFileType = sourcecode.swift; path = NoInternet.swift; sourceTree = "<group>"; };
		128A862A2D535AAE0061F82A /* Citys.swift */ = {isa = PBXFileReference; lastKnownFileType = sourcecode.swift; path = Citys.swift; sourceTree = "<group>"; };
		128A863E2D535FDD0061F82A /* CitysListView.swift */ = {isa = PBXFileReference; lastKnownFileType = sourcecode.swift; path = CitysListView.swift; sourceTree = "<group>"; };
		128A867A2D5386D90061F82A /* SearchBar.swift */ = {isa = PBXFileReference; lastKnownFileType = sourcecode.swift; path = SearchBar.swift; sourceTree = "<group>"; };
		128A86892D53905E0061F82A /* SplashScreenView.swift */ = {isa = PBXFileReference; lastKnownFileType = sourcecode.swift; path = SplashScreenView.swift; sourceTree = "<group>"; };
		128B57332D5A680400D5DED4 /* NavigationModel.swift */ = {isa = PBXFileReference; lastKnownFileType = sourcecode.swift; path = NavigationModel.swift; sourceTree = "<group>"; };
		12C36D312D4788D900380192 /* APIKey.swift */ = {isa = PBXFileReference; lastKnownFileType = sourcecode.swift; path = APIKey.swift; sourceTree = "<group>"; };
		12C36D332D478BFD00380192 /* TravelScheduleNetworkService.swift */ = {isa = PBXFileReference; lastKnownFileType = sourcecode.swift; path = TravelScheduleNetworkService.swift; sourceTree = "<group>"; };
		12C36D352D478CA900380192 /* Typealiases.swift */ = {isa = PBXFileReference; lastKnownFileType = sourcecode.swift; path = Typealiases.swift; sourceTree = "<group>"; };
/* End PBXFileReference section */

/* Begin PBXFrameworksBuildPhase section */
		1223BE332D3CDFAF00E1B171 /* Frameworks */ = {
			isa = PBXFrameworksBuildPhase;
			buildActionMask = 2147483647;
			files = (
				12606F902D3E5F9700A62639 /* OpenAPIURLSession in Frameworks */,
				12606F8D2D3E5F7600A62639 /* OpenAPIRuntime in Frameworks */,
			);
			runOnlyForDeploymentPostprocessing = 0;
		};
/* End PBXFrameworksBuildPhase section */

/* Begin PBXGroup section */
		1223BE2D2D3CDFAF00E1B171 = {
			isa = PBXGroup;
			children = (
				12606FA12D3E623800A62639 /* TravelSchedule */,
				1268551E2D51462000277F4D /* View */,
				126855242D5146E400277F4D /* ViewModel */,
				123C777C2D52276400009502 /* Model */,
				125E6A372D423EF400D2D461 /* Services */,
				12C36D2F2D4783FB00380192 /* OpenAPI */,
				12C36D302D4788AA00380192 /* AuxiliaryTools */,
				12606F932D3E606600A62639 /* Frameworks */,
				1223BE372D3CDFAF00E1B171 /* Products */,
			);
			sourceTree = "<group>";
		};
		1223BE372D3CDFAF00E1B171 /* Products */ = {
			isa = PBXGroup;
			children = (
				1223BE362D3CDFAF00E1B171 /* TravelSchedule.app */,
			);
			name = Products;
			sourceTree = "<group>";
		};
		123C777C2D52276400009502 /* Model */ = {
			isa = PBXGroup;
			children = (
				128B57332D5A680400D5DED4 /* NavigationModel.swift */,
				123C77892D52289900009502 /* PreviewImage.swift */,
				128A862A2D535AAE0061F82A /* Citys.swift */,
				12849BE72D54B3E900C56A84 /* Station.swift */,
				12681ECD2D560EB300A1E687 /* Carrier.swift */,
				12681F772D567A3800A1E687 /* CarrierInfo.swift */,
				123C77802D52278F00009502 /* ModelData.swift */,
			);
			path = Model;
			sourceTree = "<group>";
		};
		125E6A372D423EF400D2D461 /* Services */ = {
			isa = PBXGroup;
			children = (
				12C36D332D478BFD00380192 /* TravelScheduleNetworkService.swift */,
			);
			path = Services;
			sourceTree = "<group>";
		};
		12606F932D3E606600A62639 /* Frameworks */ = {
			isa = PBXGroup;
			children = (
			);
			name = Frameworks;
			sourceTree = "<group>";
		};
		12606F9C2D3E623800A62639 /* Preview Content */ = {
			isa = PBXGroup;
			children = (
				12606F9B2D3E623800A62639 /* Preview Assets.xcassets */,
			);
			path = "Preview Content";
			sourceTree = "<group>";
		};
		12606FA12D3E623800A62639 /* TravelSchedule */ = {
			isa = PBXGroup;
			children = (
				12606F9C2D3E623800A62639 /* Preview Content */,
				12606FA02D3E623800A62639 /* TravelScheduleApp.swift */,
				12606F9D2D3E623800A62639 /* Assets.xcassets */,
			);
			path = TravelSchedule;
			sourceTree = "<group>";
		};
		1268551E2D51462000277F4D /* View */ = {
			isa = PBXGroup;
			children = (
				12606F9E2D3E623800A62639 /* ContentView.swift */,
				128A86892D53905E0061F82A /* SplashScreenView.swift */,
				123C77E72D526CFF00009502 /* TabBarView.swift */,
				1268551F2D51467C00277F4D /* TravelScheduleView.swift */,
				125C53D12D57395E00DA3EC0 /* FromToInView.swift */,
				128A863E2D535FDD0061F82A /* CitysListView.swift */,
				12849C7F2D55401800C56A84 /* StationsListView.swift */,
				125C54122D57733000DA3EC0 /* CarrierList.swift */,
				1287FAF72D58AA3D00A71F2D /* FilterView.swift */,
				123C77ED2D526D4300009502 /* SettingView.swift */,
				12849BF72D54C31700C56A84 /* UserAgreementView.swift */,
				126855392D514C0500277F4D /* PreviewCellView.swift */,
				12681ED32D56106B00A1E687 /* CarrierCellView.swift */,
				128A867A2D5386D90061F82A /* SearchBar.swift */,
				12849C022D54C4EA00C56A84 /* WebView.swift */,
				12681F7C2D567AA400A1E687 /* CarrierInfoView.swift */,
				1287FB3D2D5940FE00A71F2D /* ServerError.swift */,
				1287FB452D59422200A71F2D /* NoInternet.swift */,
			);
			path = View;
			sourceTree = "<group>";
		};
		126855242D5146E400277F4D /* ViewModel */ = {
			isa = PBXGroup;
			children = (
				126855252D51481F00277F4D /* TravelScheduleViewModel.swift */,
			);
			path = ViewModel;
			sourceTree = "<group>";
		};
		12C36D2F2D4783FB00380192 /* OpenAPI */ = {
			isa = PBXGroup;
			children = (
				12606FA72D3E630300A62639 /* openapi-generator-config.yaml */,
				12606F9F2D3E623800A62639 /* openapi.yaml */,
			);
			path = OpenAPI;
			sourceTree = "<group>";
		};
		12C36D302D4788AA00380192 /* AuxiliaryTools */ = {
			isa = PBXGroup;
			children = (
				12681F092D56266000A1E687 /* DateFormat.swift */,
				12849C132D54C9EE00C56A84 /* YPUserAgreement.swift */,
				12C36D312D4788D900380192 /* APIKey.swift */,
				12C36D352D478CA900380192 /* Typealiases.swift */,
			);
			path = AuxiliaryTools;
			sourceTree = "<group>";
		};
/* End PBXGroup section */

/* Begin PBXNativeTarget section */
		1223BE352D3CDFAF00E1B171 /* TravelSchedule */ = {
			isa = PBXNativeTarget;
			buildConfigurationList = 1223BE442D3CDFB000E1B171 /* Build configuration list for PBXNativeTarget "TravelSchedule" */;
			buildPhases = (
				1223BE322D3CDFAF00E1B171 /* Sources */,
				1223BE332D3CDFAF00E1B171 /* Frameworks */,
				1223BE342D3CDFAF00E1B171 /* Resources */,
			);
			buildRules = (
			);
			dependencies = (
				12606F922D3E604800A62639 /* PBXTargetDependency */,
			);
			name = TravelSchedule;
			packageProductDependencies = (
				12606F8C2D3E5F7600A62639 /* OpenAPIRuntime */,
				12606F8F2D3E5F9700A62639 /* OpenAPIURLSession */,
			);
			productName = TravelSchedule;
			productReference = 1223BE362D3CDFAF00E1B171 /* TravelSchedule.app */;
			productType = "com.apple.product-type.application";
		};
/* End PBXNativeTarget section */

/* Begin PBXProject section */
		1223BE2E2D3CDFAF00E1B171 /* Project object */ = {
			isa = PBXProject;
			attributes = {
				BuildIndependentTargetsInParallel = 1;
				LastSwiftUpdateCheck = 1620;
				LastUpgradeCheck = 1620;
				TargetAttributes = {
					1223BE352D3CDFAF00E1B171 = {
						CreatedOnToolsVersion = 16.2;
					};
				};
			};
			buildConfigurationList = 1223BE312D3CDFAF00E1B171 /* Build configuration list for PBXProject "TravelSchedule" */;
			developmentRegion = en;
			hasScannedForEncodings = 0;
			knownRegions = (
				en,
				Base,
			);
			mainGroup = 1223BE2D2D3CDFAF00E1B171;
			minimizedProjectReferenceProxies = 1;
			packageReferences = (
				12606F862D3E5F5400A62639 /* XCRemoteSwiftPackageReference "swift-openapi-generator" */,
				12606F8B2D3E5F7600A62639 /* XCRemoteSwiftPackageReference "swift-openapi-runtime" */,
				12606F8E2D3E5F9700A62639 /* XCRemoteSwiftPackageReference "swift-openapi-urlsession" */,
			);
			preferredProjectObjectVersion = 77;
			productRefGroup = 1223BE372D3CDFAF00E1B171 /* Products */;
			projectDirPath = "";
			projectRoot = "";
			targets = (
				1223BE352D3CDFAF00E1B171 /* TravelSchedule */,
			);
		};
/* End PBXProject section */

/* Begin PBXResourcesBuildPhase section */
		1223BE342D3CDFAF00E1B171 /* Resources */ = {
			isa = PBXResourcesBuildPhase;
			buildActionMask = 2147483647;
			files = (
				12606FA22D3E623800A62639 /* Preview Assets.xcassets in Resources */,
				12606FA82D3E630700A62639 /* openapi-generator-config.yaml in Resources */,
				12606FA32D3E623800A62639 /* Assets.xcassets in Resources */,
				12606FA42D3E623800A62639 /* openapi.yaml in Resources */,
			);
			runOnlyForDeploymentPostprocessing = 0;
		};
/* End PBXResourcesBuildPhase section */

/* Begin PBXSourcesBuildPhase section */
		1223BE322D3CDFAF00E1B171 /* Sources */ = {
			isa = PBXSourcesBuildPhase;
			buildActionMask = 2147483647;
			files = (
				1287FAF82D58AA3D00A71F2D /* FilterView.swift in Sources */,
				12849C152D54CA0800C56A84 /* YPUserAgreement.swift in Sources */,
				123C77E82D526CFF00009502 /* TabBarView.swift in Sources */,
				12681F0B2D56266B00A1E687 /* DateFormat.swift in Sources */,
				12849C802D55401800C56A84 /* StationsListView.swift in Sources */,
				1287FB3E2D5940FE00A71F2D /* ServerError.swift in Sources */,
				12681F782D567A3800A1E687 /* CarrierInfo.swift in Sources */,
				12C36D342D478BFD00380192 /* TravelScheduleNetworkService.swift in Sources */,
				1287FB462D59422200A71F2D /* NoInternet.swift in Sources */,
				128A868A2D53905E0061F82A /* SplashScreenView.swift in Sources */,
				128A867B2D5386D90061F82A /* SearchBar.swift in Sources */,
				12681ECE2D560EB300A1E687 /* Carrier.swift in Sources */,
				12606FA52D3E623800A62639 /* ContentView.swift in Sources */,
				123C778A2D52289900009502 /* PreviewImage.swift in Sources */,
				123C77812D52278F00009502 /* ModelData.swift in Sources */,
				12C36D322D4788D900380192 /* APIKey.swift in Sources */,
				12606FA62D3E623800A62639 /* TravelScheduleApp.swift in Sources */,
				128B57342D5A680400D5DED4 /* NavigationModel.swift in Sources */,
				125C53D22D57395E00DA3EC0 /* FromToInView.swift in Sources */,
				12C36D362D478CA900380192 /* Typealiases.swift in Sources */,
				125C54132D57733000DA3EC0 /* CarrierList.swift in Sources */,
				1268553A2D514C0500277F4D /* PreviewCellView.swift in Sources */,
				123C77EE2D526D4300009502 /* SettingView.swift in Sources */,
				126855202D51467C00277F4D /* TravelScheduleView.swift in Sources */,
				12849C032D54C4EA00C56A84 /* WebView.swift in Sources */,
				128A863F2D535FDD0061F82A /* CitysListView.swift in Sources */,
				12681ED42D56106B00A1E687 /* CarrierCellView.swift in Sources */,
				126855262D51481F00277F4D /* TravelScheduleViewModel.swift in Sources */,
				12849BE82D54B3E900C56A84 /* Station.swift in Sources */,
				12849BF82D54C31700C56A84 /* UserAgreementView.swift in Sources */,
				12681F7D2D567AA400A1E687 /* CarrierInfoView.swift in Sources */,
				128A862B2D535AAE0061F82A /* Citys.swift in Sources */,
			);
			runOnlyForDeploymentPostprocessing = 0;
		};
/* End PBXSourcesBuildPhase section */

/* Begin PBXTargetDependency section */
		12606F922D3E604800A62639 /* PBXTargetDependency */ = {
			isa = PBXTargetDependency;
			productRef = 12606F912D3E604800A62639 /* OpenAPIGenerator */;
		};
/* End PBXTargetDependency section */

/* Begin XCBuildConfiguration section */
		1223BE422D3CDFB000E1B171 /* Debug */ = {
			isa = XCBuildConfiguration;
			buildSettings = {
				ALWAYS_SEARCH_USER_PATHS = NO;
				ASSETCATALOG_COMPILER_GENERATE_SWIFT_ASSET_SYMBOL_EXTENSIONS = YES;
				CLANG_ANALYZER_NONNULL = YES;
				CLANG_ANALYZER_NUMBER_OBJECT_CONVERSION = YES_AGGRESSIVE;
				CLANG_CXX_LANGUAGE_STANDARD = "gnu++20";
				CLANG_ENABLE_MODULES = YES;
				CLANG_ENABLE_OBJC_ARC = YES;
				CLANG_ENABLE_OBJC_WEAK = YES;
				CLANG_WARN_BLOCK_CAPTURE_AUTORELEASING = YES;
				CLANG_WARN_BOOL_CONVERSION = YES;
				CLANG_WARN_COMMA = YES;
				CLANG_WARN_CONSTANT_CONVERSION = YES;
				CLANG_WARN_DEPRECATED_OBJC_IMPLEMENTATIONS = YES;
				CLANG_WARN_DIRECT_OBJC_ISA_USAGE = YES_ERROR;
				CLANG_WARN_DOCUMENTATION_COMMENTS = YES;
				CLANG_WARN_EMPTY_BODY = YES;
				CLANG_WARN_ENUM_CONVERSION = YES;
				CLANG_WARN_INFINITE_RECURSION = YES;
				CLANG_WARN_INT_CONVERSION = YES;
				CLANG_WARN_NON_LITERAL_NULL_CONVERSION = YES;
				CLANG_WARN_OBJC_IMPLICIT_RETAIN_SELF = YES;
				CLANG_WARN_OBJC_LITERAL_CONVERSION = YES;
				CLANG_WARN_OBJC_ROOT_CLASS = YES_ERROR;
				CLANG_WARN_QUOTED_INCLUDE_IN_FRAMEWORK_HEADER = YES;
				CLANG_WARN_RANGE_LOOP_ANALYSIS = YES;
				CLANG_WARN_STRICT_PROTOTYPES = YES;
				CLANG_WARN_SUSPICIOUS_MOVE = YES;
				CLANG_WARN_UNGUARDED_AVAILABILITY = YES_AGGRESSIVE;
				CLANG_WARN_UNREACHABLE_CODE = YES;
				CLANG_WARN__DUPLICATE_METHOD_MATCH = YES;
				COPY_PHASE_STRIP = NO;
				DEBUG_INFORMATION_FORMAT = dwarf;
				ENABLE_STRICT_OBJC_MSGSEND = YES;
				ENABLE_TESTABILITY = YES;
				ENABLE_USER_SCRIPT_SANDBOXING = YES;
				GCC_C_LANGUAGE_STANDARD = gnu17;
				GCC_DYNAMIC_NO_PIC = NO;
				GCC_NO_COMMON_BLOCKS = YES;
				GCC_OPTIMIZATION_LEVEL = 0;
				GCC_PREPROCESSOR_DEFINITIONS = (
					"DEBUG=1",
					"$(inherited)",
				);
				GCC_WARN_64_TO_32_BIT_CONVERSION = YES;
				GCC_WARN_ABOUT_RETURN_TYPE = YES_ERROR;
				GCC_WARN_UNDECLARED_SELECTOR = YES;
				GCC_WARN_UNINITIALIZED_AUTOS = YES_AGGRESSIVE;
				GCC_WARN_UNUSED_FUNCTION = YES;
				GCC_WARN_UNUSED_VARIABLE = YES;
				IPHONEOS_DEPLOYMENT_TARGET = 18.2;
				LOCALIZATION_PREFERS_STRING_CATALOGS = YES;
				MTL_ENABLE_DEBUG_INFO = INCLUDE_SOURCE;
				MTL_FAST_MATH = YES;
				ONLY_ACTIVE_ARCH = YES;
				SDKROOT = iphoneos;
				SWIFT_ACTIVE_COMPILATION_CONDITIONS = "DEBUG $(inherited)";
				SWIFT_OPTIMIZATION_LEVEL = "-Onone";
			};
			name = Debug;
		};
		1223BE432D3CDFB000E1B171 /* Release */ = {
			isa = XCBuildConfiguration;
			buildSettings = {
				ALWAYS_SEARCH_USER_PATHS = NO;
				ASSETCATALOG_COMPILER_GENERATE_SWIFT_ASSET_SYMBOL_EXTENSIONS = YES;
				CLANG_ANALYZER_NONNULL = YES;
				CLANG_ANALYZER_NUMBER_OBJECT_CONVERSION = YES_AGGRESSIVE;
				CLANG_CXX_LANGUAGE_STANDARD = "gnu++20";
				CLANG_ENABLE_MODULES = YES;
				CLANG_ENABLE_OBJC_ARC = YES;
				CLANG_ENABLE_OBJC_WEAK = YES;
				CLANG_WARN_BLOCK_CAPTURE_AUTORELEASING = YES;
				CLANG_WARN_BOOL_CONVERSION = YES;
				CLANG_WARN_COMMA = YES;
				CLANG_WARN_CONSTANT_CONVERSION = YES;
				CLANG_WARN_DEPRECATED_OBJC_IMPLEMENTATIONS = YES;
				CLANG_WARN_DIRECT_OBJC_ISA_USAGE = YES_ERROR;
				CLANG_WARN_DOCUMENTATION_COMMENTS = YES;
				CLANG_WARN_EMPTY_BODY = YES;
				CLANG_WARN_ENUM_CONVERSION = YES;
				CLANG_WARN_INFINITE_RECURSION = YES;
				CLANG_WARN_INT_CONVERSION = YES;
				CLANG_WARN_NON_LITERAL_NULL_CONVERSION = YES;
				CLANG_WARN_OBJC_IMPLICIT_RETAIN_SELF = YES;
				CLANG_WARN_OBJC_LITERAL_CONVERSION = YES;
				CLANG_WARN_OBJC_ROOT_CLASS = YES_ERROR;
				CLANG_WARN_QUOTED_INCLUDE_IN_FRAMEWORK_HEADER = YES;
				CLANG_WARN_RANGE_LOOP_ANALYSIS = YES;
				CLANG_WARN_STRICT_PROTOTYPES = YES;
				CLANG_WARN_SUSPICIOUS_MOVE = YES;
				CLANG_WARN_UNGUARDED_AVAILABILITY = YES_AGGRESSIVE;
				CLANG_WARN_UNREACHABLE_CODE = YES;
				CLANG_WARN__DUPLICATE_METHOD_MATCH = YES;
				COPY_PHASE_STRIP = NO;
				DEBUG_INFORMATION_FORMAT = "dwarf-with-dsym";
				ENABLE_NS_ASSERTIONS = NO;
				ENABLE_STRICT_OBJC_MSGSEND = YES;
				ENABLE_USER_SCRIPT_SANDBOXING = YES;
				GCC_C_LANGUAGE_STANDARD = gnu17;
				GCC_NO_COMMON_BLOCKS = YES;
				GCC_WARN_64_TO_32_BIT_CONVERSION = YES;
				GCC_WARN_ABOUT_RETURN_TYPE = YES_ERROR;
				GCC_WARN_UNDECLARED_SELECTOR = YES;
				GCC_WARN_UNINITIALIZED_AUTOS = YES_AGGRESSIVE;
				GCC_WARN_UNUSED_FUNCTION = YES;
				GCC_WARN_UNUSED_VARIABLE = YES;
				IPHONEOS_DEPLOYMENT_TARGET = 18.2;
				LOCALIZATION_PREFERS_STRING_CATALOGS = YES;
				MTL_ENABLE_DEBUG_INFO = NO;
				MTL_FAST_MATH = YES;
				SDKROOT = iphoneos;
				SWIFT_COMPILATION_MODE = wholemodule;
				VALIDATE_PRODUCT = YES;
			};
			name = Release;
		};
		1223BE452D3CDFB000E1B171 /* Debug */ = {
			isa = XCBuildConfiguration;
			buildSettings = {
				ASSETCATALOG_COMPILER_APPICON_NAME = AppIcon;
				ASSETCATALOG_COMPILER_GLOBAL_ACCENT_COLOR_NAME = AccentColor;
				CODE_SIGN_STYLE = Automatic;
				CURRENT_PROJECT_VERSION = 1;
				DEVELOPMENT_ASSET_PATHS = "\"TravelSchedule/Preview Content\"";
				DEVELOPMENT_TEAM = Z2FK793PRZ;
				ENABLE_PREVIEWS = YES;
				GENERATE_INFOPLIST_FILE = YES;
				INFOPLIST_KEY_UIApplicationSceneManifest_Generation = YES;
				INFOPLIST_KEY_UIApplicationSupportsIndirectInputEvents = YES;
				INFOPLIST_KEY_UILaunchScreen_Generation = YES;
				INFOPLIST_KEY_UISupportedInterfaceOrientations_iPad = "UIInterfaceOrientationPortrait UIInterfaceOrientationPortraitUpsideDown UIInterfaceOrientationLandscapeLeft UIInterfaceOrientationLandscapeRight";
				INFOPLIST_KEY_UISupportedInterfaceOrientations_iPhone = "UIInterfaceOrientationPortrait UIInterfaceOrientationLandscapeLeft UIInterfaceOrientationLandscapeRight";
				IPHONEOS_DEPLOYMENT_TARGET = 16.6;
				LD_RUNPATH_SEARCH_PATHS = (
					"$(inherited)",
					"@executable_path/Frameworks",
				);
				MARKETING_VERSION = 1.0;
				PRODUCT_BUNDLE_IDENTIFIER = ru.yandex.practicum.katafeiy.TravelSchedule;
				PRODUCT_NAME = "$(TARGET_NAME)";
				SUPPORTED_PLATFORMS = "iphoneos iphonesimulator";
				SUPPORTS_MACCATALYST = NO;
				SUPPORTS_MAC_DESIGNED_FOR_IPHONE_IPAD = NO;
				SUPPORTS_XR_DESIGNED_FOR_IPHONE_IPAD = NO;
				SWIFT_EMIT_LOC_STRINGS = YES;
				SWIFT_VERSION = 5.0;
				TARGETED_DEVICE_FAMILY = 1;
			};
			name = Debug;
		};
		1223BE462D3CDFB000E1B171 /* Release */ = {
			isa = XCBuildConfiguration;
			buildSettings = {
				ASSETCATALOG_COMPILER_APPICON_NAME = AppIcon;
				ASSETCATALOG_COMPILER_GLOBAL_ACCENT_COLOR_NAME = AccentColor;
				CODE_SIGN_STYLE = Automatic;
				CURRENT_PROJECT_VERSION = 1;
				DEVELOPMENT_ASSET_PATHS = "\"TravelSchedule/Preview Content\"";
				DEVELOPMENT_TEAM = Z2FK793PRZ;
				ENABLE_PREVIEWS = YES;
				GENERATE_INFOPLIST_FILE = YES;
				INFOPLIST_KEY_UIApplicationSceneManifest_Generation = YES;
				INFOPLIST_KEY_UIApplicationSupportsIndirectInputEvents = YES;
				INFOPLIST_KEY_UILaunchScreen_Generation = YES;
				INFOPLIST_KEY_UISupportedInterfaceOrientations_iPad = "UIInterfaceOrientationPortrait UIInterfaceOrientationPortraitUpsideDown UIInterfaceOrientationLandscapeLeft UIInterfaceOrientationLandscapeRight";
				INFOPLIST_KEY_UISupportedInterfaceOrientations_iPhone = "UIInterfaceOrientationPortrait UIInterfaceOrientationLandscapeLeft UIInterfaceOrientationLandscapeRight";
				IPHONEOS_DEPLOYMENT_TARGET = 16.6;
				LD_RUNPATH_SEARCH_PATHS = (
					"$(inherited)",
					"@executable_path/Frameworks",
				);
				MARKETING_VERSION = 1.0;
				PRODUCT_BUNDLE_IDENTIFIER = ru.yandex.practicum.katafeiy.TravelSchedule;
				PRODUCT_NAME = "$(TARGET_NAME)";
				SUPPORTED_PLATFORMS = "iphoneos iphonesimulator";
				SUPPORTS_MACCATALYST = NO;
				SUPPORTS_MAC_DESIGNED_FOR_IPHONE_IPAD = NO;
				SUPPORTS_XR_DESIGNED_FOR_IPHONE_IPAD = NO;
				SWIFT_EMIT_LOC_STRINGS = YES;
				SWIFT_VERSION = 5.0;
				TARGETED_DEVICE_FAMILY = 1;
			};
			name = Release;
		};
/* End XCBuildConfiguration section */

/* Begin XCConfigurationList section */
		1223BE312D3CDFAF00E1B171 /* Build configuration list for PBXProject "TravelSchedule" */ = {
			isa = XCConfigurationList;
			buildConfigurations = (
				1223BE422D3CDFB000E1B171 /* Debug */,
				1223BE432D3CDFB000E1B171 /* Release */,
			);
			defaultConfigurationIsVisible = 0;
			defaultConfigurationName = Release;
		};
		1223BE442D3CDFB000E1B171 /* Build configuration list for PBXNativeTarget "TravelSchedule" */ = {
			isa = XCConfigurationList;
			buildConfigurations = (
				1223BE452D3CDFB000E1B171 /* Debug */,
				1223BE462D3CDFB000E1B171 /* Release */,
			);
			defaultConfigurationIsVisible = 0;
			defaultConfigurationName = Release;
		};
/* End XCConfigurationList section */

/* Begin XCRemoteSwiftPackageReference section */
		12606F862D3E5F5400A62639 /* XCRemoteSwiftPackageReference "swift-openapi-generator" */ = {
			isa = XCRemoteSwiftPackageReference;
			repositoryURL = "https://github.com/apple/swift-openapi-generator";
			requirement = {
				kind = upToNextMajorVersion;
				minimumVersion = 1.7.0;
			};
		};
		12606F8B2D3E5F7600A62639 /* XCRemoteSwiftPackageReference "swift-openapi-runtime" */ = {
			isa = XCRemoteSwiftPackageReference;
			repositoryURL = "https://github.com/apple/swift-openapi-runtime";
			requirement = {
				kind = upToNextMajorVersion;
				minimumVersion = 1.8.0;
			};
		};
		12606F8E2D3E5F9700A62639 /* XCRemoteSwiftPackageReference "swift-openapi-urlsession" */ = {
			isa = XCRemoteSwiftPackageReference;
			repositoryURL = "https://github.com/apple/swift-openapi-urlsession";
			requirement = {
				kind = upToNextMajorVersion;
				minimumVersion = 1.0.2;
			};
		};
/* End XCRemoteSwiftPackageReference section */

/* Begin XCSwiftPackageProductDependency section */
		12606F8C2D3E5F7600A62639 /* OpenAPIRuntime */ = {
			isa = XCSwiftPackageProductDependency;
			package = 12606F8B2D3E5F7600A62639 /* XCRemoteSwiftPackageReference "swift-openapi-runtime" */;
			productName = OpenAPIRuntime;
		};
		12606F8F2D3E5F9700A62639 /* OpenAPIURLSession */ = {
			isa = XCSwiftPackageProductDependency;
			package = 12606F8E2D3E5F9700A62639 /* XCRemoteSwiftPackageReference "swift-openapi-urlsession" */;
			productName = OpenAPIURLSession;
		};
		12606F912D3E604800A62639 /* OpenAPIGenerator */ = {
			isa = XCSwiftPackageProductDependency;
			package = 12606F862D3E5F5400A62639 /* XCRemoteSwiftPackageReference "swift-openapi-generator" */;
			productName = "plugin:OpenAPIGenerator";
		};
/* End XCSwiftPackageProductDependency section */
	};
	rootObject = 1223BE2E2D3CDFAF00E1B171 /* Project object */;
}
